<?xml version="1.0" encoding="UTF-8" standalone="yes" ?>
<CodeBlocks_project_file>
	<FileVersion major="1" minor="6" />
	<Project>
		<Option title="BagCraft" />
		<Option pch_mode="2" />
		<Option compiler="gcc" />
		<Build>
			<Target title="Debug">
				<Option output="bin/Debug/BagCraft" prefix_auto="1" extension_auto="1" />
				<Option object_output="obj/Debug/" />
				<Option type="1" />
				<Option compiler="gcc" />
				<Compiler>
					<Add option="-g" />
					<Add directory="src" />
					<Add directory="scr" />
				</Compiler>
				<Linker>
					<Add library="GLEW" />
					<Add library="GL" />
					<Add library="sfml-graphics" />
					<Add library="sfml-window" />
					<Add library="sfml-system" />
				</Linker>
			</Target>
			<Target title="Release">
				<Option output="bin/Release/BagCraft" prefix_auto="1" extension_auto="1" />
				<Option object_output="obj/Release/" />
				<Option type="1" />
				<Option compiler="gcc" />
				<Compiler>
					<Add option="-O2" />
					<Add directory="src" />
					<Add directory="scr" />
				</Compiler>
				<Linker>
					<Add option="-s" />
				</Linker>
			</Target>
		</Build>
		<Compiler>
			<Add option="-Wall" />
		</Compiler>
		<Unit filename="shaders/StaticShader.frag" />
		<Unit filename="shaders/StaticShader.vert" />
		<Unit filename="src/Cube.cpp" />
		<Unit filename="src/Cube.h" />
		<Unit filename="src/Entity.cpp" />
		<Unit filename="src/Entity.h" />
		<Unit filename="src/GLError.h" />
		<Unit filename="src/Loader.cpp" />
		<Unit filename="src/Loader.h" />
		<Unit filename="src/MainGame.cpp" />
		<Unit filename="src/MainGame.h" />
		<Unit filename="src/OBJLoader.cpp" />
		<Unit filename="src/OBJLoader.h" />
		<Unit filename="src/RawModel.cpp" />
		<Unit filename="src/RawModel.h" />
		<Unit filename="src/ShaderProgram.cpp" />
		<Unit filename="src/ShaderProgram.h" />
		<Unit filename="src/StaticShader.cpp" />
		<Unit filename="src/StaticShader.h" />
		<Unit filename="src/World.cpp" />
		<Unit filename="src/World.h" />
		<Unit filename="src/main.cpp" />
		<Extensions>
			<code_completion />
			<envvars />
			<lib_finder disable_auto="1" />
			<debugger />
		</Extensions>
	</Project>
</CodeBlocks_project_file>
